{
  "name": "FxxKPDF",
  "lockfileVersion": 3,
  "requires": true,
  "packages": {
    "": {
      "devDependencies": {
        "qpdf-wasm-esm-embedded": "1.1.1"
      }
    },
    "node_modules/@types/emscripten": {
      "version": "1.41.5",
      "resolved": "https://registry.npmjs.org/@types/emscripten/-/emscripten-1.41.5.tgz",
      "integrity": "sha512-cMQm7pxu6BxtHyqJ7mQZ2kXWV5SLmugybFdHCBbJ5eHzOo6VhBckEgAT3//rP5FwPHNPeEiq4SmQ5ucBwsOo4Q==",
      "dev": true,
      "license": "MIT"
    },
    "node_modules/qpdf-wasm-esm-embedded": {
      "version": "1.1.1",
      "resolved": "https://registry.npmjs.org/qpdf-wasm-esm-embedded/-/qpdf-wasm-esm-embedded-1.1.1.tgz",
      "integrity": "sha512-e6Pb8jRw+VflZQvsS+eOfYF9BqjubvTBnxJc44LhI1btg2WYNKE5/lGMmzWZ2gd9YrdWByf8IdNZw6S7+7t27w==",
      "dev": true,
      "license": "Apache-2.0",
      "dependencies": {
        "@types/emscripten": "^1.39.10"
      }
    }
  }
}
